
Microsoft Visual Studio Solution File, Format Version 12.00
# Visual Studio Version 17
VisualStudioVersion = 17.14.36414.22
MinimumVisualStudioVersion = 10.0.40219.1
Project("{2150E333-8FDC-42A3-9474-1A3956D46DE8}") = "Task0", "Task0", "{02EA681E-C7D8-13C7-8484-4AC65E1B71E8}"
EndProject
Project("{FAE04EC0-301F-11D3-BF4B-00C04F79EFBC}") = "Tyuiu.IvanovIA.Sprint1.Task0.V14", "Tyuiu.IvanovIA.Sprint1.Task0.V14\Tyuiu.IvanovIA.Sprint1.Task0.V14.csproj", "{3287FD66-E8B3-49BC-8703-BE043B879739}"
EndProject
Project("{FAE04EC0-301F-11D3-BF4B-00C04F79EFBC}") = "Tyuiu.IvanovIA.Sprint1.Task0.V14.Lib", "Tyuiu.IvanovIA.Sprint1.Task0.V14.Lib\Tyuiu.IvanovIA.Sprint1.Task0.V14.Lib.csproj", "{8C701389-B391-4EFE-AFC2-9BBCD65EE49B}"
EndProject
Project("{FAE04EC0-301F-11D3-BF4B-00C04F79EFBC}") = "Tyuiu.IvanovIA.Sprint1.Task0.V14.Test", "Tyuiu.IvanovIA.Sprint1.Task0.V14.Test\Tyuiu.IvanovIA.Sprint1.Task0.V14.Test.csproj", "{1AC328F8-860A-4D7F-915A-0A0D598E2176}"
EndProject
Project("{2150E333-8FDC-42A3-9474-1A3956D46DE8}") = "Task1", "Task1", "{69A75A4E-D64D-4D17-AE9E-94A7E424039E}"
EndProject
Project("{FAE04EC0-301F-11D3-BF4B-00C04F79EFBC}") = "Tyuiu.IvanovIA.Sprint1.Task1.V13", "Tyuiu.IvanovIA.Sprint1.Task1.V13\Tyuiu.IvanovIA.Sprint1.Task1.V13.csproj", "{A743AFC9-CEFE-4B4D-BC52-76DADAD6AE92}"
EndProject
Project("{FAE04EC0-301F-11D3-BF4B-00C04F79EFBC}") = "Tyuiu.IvanovIA.Sprint1.Task1.V13.Test", "Tyuiu.IvanovIA.Sprint1.Task1.V13.Test\Tyuiu.IvanovIA.Sprint1.Task1.V13.Test.csproj", "{BD60FFAE-8604-4560-A5DB-D99E95AD44CE}"
EndProject
Project("{FAE04EC0-301F-11D3-BF4B-00C04F79EFBC}") = "Tyuiu.IvanovIA.Sprint1.Task1.V13.Lib", "Tyuiu.IvanovIA.Sprint1.Task1.V13.Lib\Tyuiu.IvanovIA.Sprint1.Task1.V13.Lib.csproj", "{47E0BF25-EC7D-453C-AFA2-79A8812ED7F5}"
EndProject
Project("{2150E333-8FDC-42A3-9474-1A3956D46DE8}") = "Task2", "Task2", "{391AF45A-4EE1-4A50-9BF5-5B7493CA0679}"
EndProject
Project("{FAE04EC0-301F-11D3-BF4B-00C04F79EFBC}") = "Tyuiu.IvanovIA.Sprint1.Task2.V14", "Tyuiu.IvanovIA.Sprint1.Task2.V14\Tyuiu.IvanovIA.Sprint1.Task2.V14.csproj", "{951E70B7-334D-463B-97DD-CC19F830EC0F}"
EndProject
Project("{FAE04EC0-301F-11D3-BF4B-00C04F79EFBC}") = "Tyuiu.IvanovIA.Sprint1.Task2.V14.Lib", "Tyuiu.IvanovIA.Sprint1.Task2.V14.Lib\Tyuiu.IvanovIA.Sprint1.Task2.V14.Lib.csproj", "{7FCB9737-7774-49CB-BE51-9796696353AB}"
EndProject
Project("{FAE04EC0-301F-11D3-BF4B-00C04F79EFBC}") = "Tyuiu.IvanovIA.Sprint1.Task2.V14.Test", "Tyuiu.IvanovIA.Sprint1.Task2.V14.Test\Tyuiu.IvanovIA.Sprint1.Task2.V14.Test.csproj", "{80694209-13B8-4633-90F9-A3D73D3B85F0}"
EndProject
Project("{2150E333-8FDC-42A3-9474-1A3956D46DE8}") = "Task3", "Task3", "{1FBBE659-EC43-406C-AFF3-F7E8E0113841}"
EndProject
Project("{FAE04EC0-301F-11D3-BF4B-00C04F79EFBC}") = "Tyuiu.IvanovIA.Sprint1.Task3.V12", "Tyuiu.IvanovIA.Sprint1.Task3.V12\Tyuiu.IvanovIA.Sprint1.Task3.V12.csproj", "{72C2F1B1-6355-4F81-AA01-A333EDA68CAA}"
EndProject
Project("{FAE04EC0-301F-11D3-BF4B-00C04F79EFBC}") = "Tyuiu.IvanovIA.Sprint1.Task3.V12.Lib", "Tyuiu.IvanovIA.Sprint1.Task3.V12.Lib\Tyuiu.IvanovIA.Sprint1.Task3.V12.Lib.csproj", "{BAC0A5FB-DF1C-4372-B6C8-111BA331F1C2}"
EndProject
Project("{FAE04EC0-301F-11D3-BF4B-00C04F79EFBC}") = "Tyuiu.IvanovIA.Sprint1.Task3.V12.Test", "Tyuiu.IvanovIA.Sprint1.Task3.V12.Test\Tyuiu.IvanovIA.Sprint1.Task3.V12.Test.csproj", "{40372969-C7D1-4D46-8CE9-7188B62D64D2}"
EndProject
Project("{2150E333-8FDC-42A3-9474-1A3956D46DE8}") = "Task4", "Task4", "{A3C46FD7-B2DA-4312-96E2-0F72AFEA8A89}"
EndProject
Project("{FAE04EC0-301F-11D3-BF4B-00C04F79EFBC}") = "Tyuiu.IvanovIA.Sprint1.Task4.V20", "Tyuiu.IvanovIA.Sprint1.Task4.V20\Tyuiu.IvanovIA.Sprint1.Task4.V20.csproj", "{A1C64509-9987-43B6-8287-AB3A88F16F12}"
EndProject
Project("{FAE04EC0-301F-11D3-BF4B-00C04F79EFBC}") = "Tyuiu.IvanovIA.Sprint1.Task4.V20.Test", "Tyuiu.IvanovIA.Sprint1.Task4.V20.Test\Tyuiu.IvanovIA.Sprint1.Task4.V20.Test.csproj", "{95457F3A-1C15-4B49-B482-1DBF1384BCEF}"
EndProject
Project("{FAE04EC0-301F-11D3-BF4B-00C04F79EFBC}") = "Tyuiu.IvanovIA.Sprint1.Task4.V20.Lib", "Tyuiu.IvanovIA.Sprint1.Task4.V20.Lib\Tyuiu.IvanovIA.Sprint1.Task4.V20.Lib.csproj", "{FE3BBBB4-D687-4194-A0B9-D67F650CA558}"
EndProject
Project("{2150E333-8FDC-42A3-9474-1A3956D46DE8}") = "Task5", "Task5", "{77F6CF09-E570-4B0F-9CBD-F7B8C87E4003}"
EndProject
Project("{FAE04EC0-301F-11D3-BF4B-00C04F79EFBC}") = "Tyuiu.IvanovIA.Sprint1.Task5.V5", "Tyuiu.IvanovIA.Sprint1.Task5.V5\Tyuiu.IvanovIA.Sprint1.Task5.V5.csproj", "{566F1AF9-2E45-4D4A-BDCD-8664E833B8DF}"
EndProject
Project("{FAE04EC0-301F-11D3-BF4B-00C04F79EFBC}") = "Tyuiu.IvanovIA.Sprint1.Task5.V5.Lib", "Tyuiu.IvanovIA.Sprint1.Task5.V5.Lib\Tyuiu.IvanovIA.Sprint1.Task5.V5.Lib.csproj", "{4B99D03D-1C9C-41CB-A105-13A95274B921}"
EndProject
Project("{FAE04EC0-301F-11D3-BF4B-00C04F79EFBC}") = "Tyuiu.IvanovIA.Sprint1.Task5.V5.Test", "Tyuiu.IvanovIA.Sprint1.Task5.V5.Test\Tyuiu.IvanovIA.Sprint1.Task5.V5.Test.csproj", "{4812D90A-3C7B-43FD-889B-5B9DED271328}"
EndProject
Project("{2150E333-8FDC-42A3-9474-1A3956D46DE8}") = "Task6", "Task6", "{8C993CAB-4753-4525-A332-0D03E78F83E5}"
EndProject
Project("{FAE04EC0-301F-11D3-BF4B-00C04F79EFBC}") = "Tyuiu.IvanovIA.Sprint1.Task6.V7", "Tyuiu.IvanovIA.Sprint1.Task6.V7\Tyuiu.IvanovIA.Sprint1.Task6.V7.csproj", "{68E5E883-8704-46BF-BD15-D627545D4135}"
EndProject
Project("{FAE04EC0-301F-11D3-BF4B-00C04F79EFBC}") = "Tyuiu.IvanovIA.Sprint1.Task6.V7.Test", "Tyuiu.IvanovIA.Sprint1.Task6.V7.Test\Tyuiu.IvanovIA.Sprint1.Task6.V7.Test.csproj", "{8DB36B60-B4CF-478B-B157-7D226D8A9716}"
EndProject
Project("{FAE04EC0-301F-11D3-BF4B-00C04F79EFBC}") = "Tyuiu.IvanovIA.Sprint1.Task6.V7.Lib", "Tyuiu.IvanovIA.Sprint1.Task6.V7.Lib\Tyuiu.IvanovIA.Sprint1.Task6.V7.Lib.csproj", "{98E7B7E9-7E91-4558-9D48-02DB5EFBEA70}"
EndProject
Project("{2150E333-8FDC-42A3-9474-1A3956D46DE8}") = "Task7", "Task7", "{34126CED-8E10-43B7-A5C7-A401A1E24599}"
EndProject
Project("{FAE04EC0-301F-11D3-BF4B-00C04F79EFBC}") = "Tyuiu.IvanovIA.Sprint1.Task7.V3", "Tyuiu.IvanovIA.Sprint1.Task7.V3\Tyuiu.IvanovIA.Sprint1.Task7.V3.csproj", "{D067B387-D5A5-4FAF-89DD-D3740D6EDBA1}"
EndProject
Project("{FAE04EC0-301F-11D3-BF4B-00C04F79EFBC}") = "Tyuiu.IvanovIA.Sprint1.Task7.V3.Lib", "Tyuiu.IvanovIA.Sprint1.Task7.V3.Lib\Tyuiu.IvanovIA.Sprint1.Task7.V3.Lib.csproj", "{B1ADF9DB-8651-4B04-B7AF-0E5784A15593}"
EndProject
Project("{FAE04EC0-301F-11D3-BF4B-00C04F79EFBC}") = "Tyuiu.IvanovIA.Sprint1.Task7.V3.Test", "Tyuiu.IvanovIA.Sprint1.Task7.V3.Test\Tyuiu.IvanovIA.Sprint1.Task7.V3.Test.csproj", "{2EA67548-2409-44B9-980D-F194E70AC31B}"
EndProject
Global
	GlobalSection(SolutionConfigurationPlatforms) = preSolution
		Debug|Any CPU = Debug|Any CPU
		Release|Any CPU = Release|Any CPU
	EndGlobalSection
	GlobalSection(ProjectConfigurationPlatforms) = postSolution
		{3287FD66-E8B3-49BC-8703-BE043B879739}.Debug|Any CPU.ActiveCfg = Debug|Any CPU
		{3287FD66-E8B3-49BC-8703-BE043B879739}.Debug|Any CPU.Build.0 = Debug|Any CPU
		{3287FD66-E8B3-49BC-8703-BE043B879739}.Release|Any CPU.ActiveCfg = Release|Any CPU
		{3287FD66-E8B3-49BC-8703-BE043B879739}.Release|Any CPU.Build.0 = Release|Any CPU
		{8C701389-B391-4EFE-AFC2-9BBCD65EE49B}.Debug|Any CPU.ActiveCfg = Debug|Any CPU
		{8C701389-B391-4EFE-AFC2-9BBCD65EE49B}.Debug|Any CPU.Build.0 = Debug|Any CPU
		{8C701389-B391-4EFE-AFC2-9BBCD65EE49B}.Release|Any CPU.ActiveCfg = Release|Any CPU
		{8C701389-B391-4EFE-AFC2-9BBCD65EE49B}.Release|Any CPU.Build.0 = Release|Any CPU
		{1AC328F8-860A-4D7F-915A-0A0D598E2176}.Debug|Any CPU.ActiveCfg = Debug|Any CPU
		{1AC328F8-860A-4D7F-915A-0A0D598E2176}.Debug|Any CPU.Build.0 = Debug|Any CPU
		{1AC328F8-860A-4D7F-915A-0A0D598E2176}.Release|Any CPU.ActiveCfg = Release|Any CPU
		{1AC328F8-860A-4D7F-915A-0A0D598E2176}.Release|Any CPU.Build.0 = Release|Any CPU
		{A743AFC9-CEFE-4B4D-BC52-76DADAD6AE92}.Debug|Any CPU.ActiveCfg = Debug|Any CPU
		{A743AFC9-CEFE-4B4D-BC52-76DADAD6AE92}.Debug|Any CPU.Build.0 = Debug|Any CPU
		{A743AFC9-CEFE-4B4D-BC52-76DADAD6AE92}.Release|Any CPU.ActiveCfg = Release|Any CPU
		{A743AFC9-CEFE-4B4D-BC52-76DADAD6AE92}.Release|Any CPU.Build.0 = Release|Any CPU
		{BD60FFAE-8604-4560-A5DB-D99E95AD44CE}.Debug|Any CPU.ActiveCfg = Debug|Any CPU
		{BD60FFAE-8604-4560-A5DB-D99E95AD44CE}.Debug|Any CPU.Build.0 = Debug|Any CPU
		{BD60FFAE-8604-4560-A5DB-D99E95AD44CE}.Release|Any CPU.ActiveCfg = Release|Any CPU
		{BD60FFAE-8604-4560-A5DB-D99E95AD44CE}.Release|Any CPU.Build.0 = Release|Any CPU
		{47E0BF25-EC7D-453C-AFA2-79A8812ED7F5}.Debug|Any CPU.ActiveCfg = Debug|Any CPU
		{47E0BF25-EC7D-453C-AFA2-79A8812ED7F5}.Debug|Any CPU.Build.0 = Debug|Any CPU
		{47E0BF25-EC7D-453C-AFA2-79A8812ED7F5}.Release|Any CPU.ActiveCfg = Release|Any CPU
		{47E0BF25-EC7D-453C-AFA2-79A8812ED7F5}.Release|Any CPU.Build.0 = Release|Any CPU
		{951E70B7-334D-463B-97DD-CC19F830EC0F}.Debug|Any CPU.ActiveCfg = Debug|Any CPU
		{951E70B7-334D-463B-97DD-CC19F830EC0F}.Debug|Any CPU.Build.0 = Debug|Any CPU
		{951E70B7-334D-463B-97DD-CC19F830EC0F}.Release|Any CPU.ActiveCfg = Release|Any CPU
		{951E70B7-334D-463B-97DD-CC19F830EC0F}.Release|Any CPU.Build.0 = Release|Any CPU
		{7FCB9737-7774-49CB-BE51-9796696353AB}.Debug|Any CPU.ActiveCfg = Debug|Any CPU
		{7FCB9737-7774-49CB-BE51-9796696353AB}.Debug|Any CPU.Build.0 = Debug|Any CPU
		{7FCB9737-7774-49CB-BE51-9796696353AB}.Release|Any CPU.ActiveCfg = Release|Any CPU
		{7FCB9737-7774-49CB-BE51-9796696353AB}.Release|Any CPU.Build.0 = Release|Any CPU
		{80694209-13B8-4633-90F9-A3D73D3B85F0}.Debug|Any CPU.ActiveCfg = Debug|Any CPU
		{80694209-13B8-4633-90F9-A3D73D3B85F0}.Debug|Any CPU.Build.0 = Debug|Any CPU
		{80694209-13B8-4633-90F9-A3D73D3B85F0}.Release|Any CPU.ActiveCfg = Release|Any CPU
		{80694209-13B8-4633-90F9-A3D73D3B85F0}.Release|Any CPU.Build.0 = Release|Any CPU
		{72C2F1B1-6355-4F81-AA01-A333EDA68CAA}.Debug|Any CPU.ActiveCfg = Debug|Any CPU
		{72C2F1B1-6355-4F81-AA01-A333EDA68CAA}.Debug|Any CPU.Build.0 = Debug|Any CPU
		{72C2F1B1-6355-4F81-AA01-A333EDA68CAA}.Release|Any CPU.ActiveCfg = Release|Any CPU
		{72C2F1B1-6355-4F81-AA01-A333EDA68CAA}.Release|Any CPU.Build.0 = Release|Any CPU
		{BAC0A5FB-DF1C-4372-B6C8-111BA331F1C2}.Debug|Any CPU.ActiveCfg = Debug|Any CPU
		{BAC0A5FB-DF1C-4372-B6C8-111BA331F1C2}.Debug|Any CPU.Build.0 = Debug|Any CPU
		{BAC0A5FB-DF1C-4372-B6C8-111BA331F1C2}.Release|Any CPU.ActiveCfg = Release|Any CPU
		{BAC0A5FB-DF1C-4372-B6C8-111BA331F1C2}.Release|Any CPU.Build.0 = Release|Any CPU
		{40372969-C7D1-4D46-8CE9-7188B62D64D2}.Debug|Any CPU.ActiveCfg = Debug|Any CPU
		{40372969-C7D1-4D46-8CE9-7188B62D64D2}.Debug|Any CPU.Build.0 = Debug|Any CPU
		{40372969-C7D1-4D46-8CE9-7188B62D64D2}.Release|Any CPU.ActiveCfg = Release|Any CPU
		{40372969-C7D1-4D46-8CE9-7188B62D64D2}.Release|Any CPU.Build.0 = Release|Any CPU
		{A1C64509-9987-43B6-8287-AB3A88F16F12}.Debug|Any CPU.ActiveCfg = Debug|Any CPU
		{A1C64509-9987-43B6-8287-AB3A88F16F12}.Debug|Any CPU.Build.0 = Debug|Any CPU
		{A1C64509-9987-43B6-8287-AB3A88F16F12}.Release|Any CPU.ActiveCfg = Release|Any CPU
		{A1C64509-9987-43B6-8287-AB3A88F16F12}.Release|Any CPU.Build.0 = Release|Any CPU
		{95457F3A-1C15-4B49-B482-1DBF1384BCEF}.Debug|Any CPU.ActiveCfg = Debug|Any CPU
		{95457F3A-1C15-4B49-B482-1DBF1384BCEF}.Debug|Any CPU.Build.0 = Debug|Any CPU
		{95457F3A-1C15-4B49-B482-1DBF1384BCEF}.Release|Any CPU.ActiveCfg = Release|Any CPU
		{95457F3A-1C15-4B49-B482-1DBF1384BCEF}.Release|Any CPU.Build.0 = Release|Any CPU
		{FE3BBBB4-D687-4194-A0B9-D67F650CA558}.Debug|Any CPU.ActiveCfg = Debug|Any CPU
		{FE3BBBB4-D687-4194-A0B9-D67F650CA558}.Debug|Any CPU.Build.0 = Debug|Any CPU
		{FE3BBBB4-D687-4194-A0B9-D67F650CA558}.Release|Any CPU.ActiveCfg = Release|Any CPU
		{FE3BBBB4-D687-4194-A0B9-D67F650CA558}.Release|Any CPU.Build.0 = Release|Any CPU
		{566F1AF9-2E45-4D4A-BDCD-8664E833B8DF}.Debug|Any CPU.ActiveCfg = Debug|Any CPU
		{566F1AF9-2E45-4D4A-BDCD-8664E833B8DF}.Debug|Any CPU.Build.0 = Debug|Any CPU
		{566F1AF9-2E45-4D4A-BDCD-8664E833B8DF}.Release|Any CPU.ActiveCfg = Release|Any CPU
		{566F1AF9-2E45-4D4A-BDCD-8664E833B8DF}.Release|Any CPU.Build.0 = Release|Any CPU
		{4B99D03D-1C9C-41CB-A105-13A95274B921}.Debug|Any CPU.ActiveCfg = Debug|Any CPU
		{4B99D03D-1C9C-41CB-A105-13A95274B921}.Debug|Any CPU.Build.0 = Debug|Any CPU
		{4B99D03D-1C9C-41CB-A105-13A95274B921}.Release|Any CPU.ActiveCfg = Release|Any CPU
		{4B99D03D-1C9C-41CB-A105-13A95274B921}.Release|Any CPU.Build.0 = Release|Any CPU
		{4812D90A-3C7B-43FD-889B-5B9DED271328}.Debug|Any CPU.ActiveCfg = Debug|Any CPU
		{4812D90A-3C7B-43FD-889B-5B9DED271328}.Debug|Any CPU.Build.0 = Debug|Any CPU
		{4812D90A-3C7B-43FD-889B-5B9DED271328}.Release|Any CPU.ActiveCfg = Release|Any CPU
		{4812D90A-3C7B-43FD-889B-5B9DED271328}.Release|Any CPU.Build.0 = Release|Any CPU
		{68E5E883-8704-46BF-BD15-D627545D4135}.Debug|Any CPU.ActiveCfg = Debug|Any CPU
		{68E5E883-8704-46BF-BD15-D627545D4135}.Debug|Any CPU.Build.0 = Debug|Any CPU
		{68E5E883-8704-46BF-BD15-D627545D4135}.Release|Any CPU.ActiveCfg = Release|Any CPU
		{68E5E883-8704-46BF-BD15-D627545D4135}.Release|Any CPU.Build.0 = Release|Any CPU
		{8DB36B60-B4CF-478B-B157-7D226D8A9716}.Debug|Any CPU.ActiveCfg = Debug|Any CPU
		{8DB36B60-B4CF-478B-B157-7D226D8A9716}.Debug|Any CPU.Build.0 = Debug|Any CPU
		{8DB36B60-B4CF-478B-B157-7D226D8A9716}.Release|Any CPU.ActiveCfg = Release|Any CPU
		{8DB36B60-B4CF-478B-B157-7D226D8A9716}.Release|Any CPU.Build.0 = Release|Any CPU
		{98E7B7E9-7E91-4558-9D48-02DB5EFBEA70}.Debug|Any CPU.ActiveCfg = Debug|Any CPU
		{98E7B7E9-7E91-4558-9D48-02DB5EFBEA70}.Debug|Any CPU.Build.0 = Debug|Any CPU
		{98E7B7E9-7E91-4558-9D48-02DB5EFBEA70}.Release|Any CPU.ActiveCfg = Release|Any CPU
		{98E7B7E9-7E91-4558-9D48-02DB5EFBEA70}.Release|Any CPU.Build.0 = Release|Any CPU
		{D067B387-D5A5-4FAF-89DD-D3740D6EDBA1}.Debug|Any CPU.ActiveCfg = Debug|Any CPU
		{D067B387-D5A5-4FAF-89DD-D3740D6EDBA1}.Debug|Any CPU.Build.0 = Debug|Any CPU
		{D067B387-D5A5-4FAF-89DD-D3740D6EDBA1}.Release|Any CPU.ActiveCfg = Release|Any CPU
		{D067B387-D5A5-4FAF-89DD-D3740D6EDBA1}.Release|Any CPU.Build.0 = Release|Any CPU
		{B1ADF9DB-8651-4B04-B7AF-0E5784A15593}.Debug|Any CPU.ActiveCfg = Debug|Any CPU
		{B1ADF9DB-8651-4B04-B7AF-0E5784A15593}.Debug|Any CPU.Build.0 = Debug|Any CPU
		{B1ADF9DB-8651-4B04-B7AF-0E5784A15593}.Release|Any CPU.ActiveCfg = Release|Any CPU
		{B1ADF9DB-8651-4B04-B7AF-0E5784A15593}.Release|Any CPU.Build.0 = Release|Any CPU
		{2EA67548-2409-44B9-980D-F194E70AC31B}.Debug|Any CPU.ActiveCfg = Debug|Any CPU
		{2EA67548-2409-44B9-980D-F194E70AC31B}.Debug|Any CPU.Build.0 = Debug|Any CPU
		{2EA67548-2409-44B9-980D-F194E70AC31B}.Release|Any CPU.ActiveCfg = Release|Any CPU
		{2EA67548-2409-44B9-980D-F194E70AC31B}.Release|Any CPU.Build.0 = Release|Any CPU
	EndGlobalSection
	GlobalSection(SolutionProperties) = preSolution
		HideSolutionNode = FALSE
	EndGlobalSection
	GlobalSection(NestedProjects) = preSolution
		{3287FD66-E8B3-49BC-8703-BE043B879739} = {02EA681E-C7D8-13C7-8484-4AC65E1B71E8}
		{8C701389-B391-4EFE-AFC2-9BBCD65EE49B} = {02EA681E-C7D8-13C7-8484-4AC65E1B71E8}
		{1AC328F8-860A-4D7F-915A-0A0D598E2176} = {02EA681E-C7D8-13C7-8484-4AC65E1B71E8}
		{A743AFC9-CEFE-4B4D-BC52-76DADAD6AE92} = {69A75A4E-D64D-4D17-AE9E-94A7E424039E}
		{BD60FFAE-8604-4560-A5DB-D99E95AD44CE} = {69A75A4E-D64D-4D17-AE9E-94A7E424039E}
		{47E0BF25-EC7D-453C-AFA2-79A8812ED7F5} = {69A75A4E-D64D-4D17-AE9E-94A7E424039E}
		{951E70B7-334D-463B-97DD-CC19F830EC0F} = {391AF45A-4EE1-4A50-9BF5-5B7493CA0679}
		{7FCB9737-7774-49CB-BE51-9796696353AB} = {391AF45A-4EE1-4A50-9BF5-5B7493CA0679}
		{80694209-13B8-4633-90F9-A3D73D3B85F0} = {391AF45A-4EE1-4A50-9BF5-5B7493CA0679}
		{72C2F1B1-6355-4F81-AA01-A333EDA68CAA} = {1FBBE659-EC43-406C-AFF3-F7E8E0113841}
		{BAC0A5FB-DF1C-4372-B6C8-111BA331F1C2} = {1FBBE659-EC43-406C-AFF3-F7E8E0113841}
		{40372969-C7D1-4D46-8CE9-7188B62D64D2} = {1FBBE659-EC43-406C-AFF3-F7E8E0113841}
		{A1C64509-9987-43B6-8287-AB3A88F16F12} = {A3C46FD7-B2DA-4312-96E2-0F72AFEA8A89}
		{95457F3A-1C15-4B49-B482-1DBF1384BCEF} = {A3C46FD7-B2DA-4312-96E2-0F72AFEA8A89}
		{FE3BBBB4-D687-4194-A0B9-D67F650CA558} = {A3C46FD7-B2DA-4312-96E2-0F72AFEA8A89}
		{566F1AF9-2E45-4D4A-BDCD-8664E833B8DF} = {77F6CF09-E570-4B0F-9CBD-F7B8C87E4003}
		{4B99D03D-1C9C-41CB-A105-13A95274B921} = {77F6CF09-E570-4B0F-9CBD-F7B8C87E4003}
		{4812D90A-3C7B-43FD-889B-5B9DED271328} = {77F6CF09-E570-4B0F-9CBD-F7B8C87E4003}
		{68E5E883-8704-46BF-BD15-D627545D4135} = {8C993CAB-4753-4525-A332-0D03E78F83E5}
		{8DB36B60-B4CF-478B-B157-7D226D8A9716} = {8C993CAB-4753-4525-A332-0D03E78F83E5}
		{98E7B7E9-7E91-4558-9D48-02DB5EFBEA70} = {8C993CAB-4753-4525-A332-0D03E78F83E5}
		{D067B387-D5A5-4FAF-89DD-D3740D6EDBA1} = {34126CED-8E10-43B7-A5C7-A401A1E24599}
		{B1ADF9DB-8651-4B04-B7AF-0E5784A15593} = {34126CED-8E10-43B7-A5C7-A401A1E24599}
		{2EA67548-2409-44B9-980D-F194E70AC31B} = {34126CED-8E10-43B7-A5C7-A401A1E24599}
	EndGlobalSection
	GlobalSection(ExtensibilityGlobals) = postSolution
		SolutionGuid = {923662B3-4C64-45F1-B7E0-EC5D938BA4D7}
	EndGlobalSection
EndGlobal
