
Microsoft Visual Studio Solution File, Format Version 12.00
# Visual Studio Version 17
VisualStudioVersion = 17.14.36414.22 d17.14
MinimumVisualStudioVersion = 10.0.40219.1
Project("{2150E333-8FDC-42A3-9474-1A3956D46DE8}") = "Task0", "Task0", "{02EA681E-C7D8-13C7-8484-4AC65E1B71E8}"
EndProject
Project("{FAE04EC0-301F-11D3-BF4B-00C04F79EFBC}") = "Tyuiu.IvanovIA.Sprint1.Task0.V14", "Tyuiu.IvanovIA.Sprint1.Task0.V14\Tyuiu.IvanovIA.Sprint1.Task0.V14.csproj", "{3287FD66-E8B3-49BC-8703-BE043B879739}"
EndProject
Project("{FAE04EC0-301F-11D3-BF4B-00C04F79EFBC}") = "Tyuiu.IvanovIA.Sprint1.Task0.V14.Lib", "Tyuiu.IvanovIA.Sprint1.Task0.V14.Lib\Tyuiu.IvanovIA.Sprint1.Task0.V14.Lib.csproj", "{8C701389-B391-4EFE-AFC2-9BBCD65EE49B}"
EndProject
Project("{FAE04EC0-301F-11D3-BF4B-00C04F79EFBC}") = "Tyuiu.IvanovIA.Sprint1.Task0.V14.Test", "Tyuiu.IvanovIA.Sprint1.Task0.V14.Test\Tyuiu.IvanovIA.Sprint1.Task0.V14.Test.csproj", "{1AC328F8-860A-4D7F-915A-0A0D598E2176}"
EndProject
Global
	GlobalSection(SolutionConfigurationPlatforms) = preSolution
		Debug|Any CPU = Debug|Any CPU
		Release|Any CPU = Release|Any CPU
	EndGlobalSection
	GlobalSection(ProjectConfigurationPlatforms) = postSolution
		{3287FD66-E8B3-49BC-8703-BE043B879739}.Debug|Any CPU.ActiveCfg = Debug|Any CPU
		{3287FD66-E8B3-49BC-8703-BE043B879739}.Debug|Any CPU.Build.0 = Debug|Any CPU
		{3287FD66-E8B3-49BC-8703-BE043B879739}.Release|Any CPU.ActiveCfg = Release|Any CPU
		{3287FD66-E8B3-49BC-8703-BE043B879739}.Release|Any CPU.Build.0 = Release|Any CPU
		{8C701389-B391-4EFE-AFC2-9BBCD65EE49B}.Debug|Any CPU.ActiveCfg = Debug|Any CPU
		{8C701389-B391-4EFE-AFC2-9BBCD65EE49B}.Debug|Any CPU.Build.0 = Debug|Any CPU
		{8C701389-B391-4EFE-AFC2-9BBCD65EE49B}.Release|Any CPU.ActiveCfg = Release|Any CPU
		{8C701389-B391-4EFE-AFC2-9BBCD65EE49B}.Release|Any CPU.Build.0 = Release|Any CPU
		{1AC328F8-860A-4D7F-915A-0A0D598E2176}.Debug|Any CPU.ActiveCfg = Debug|Any CPU
		{1AC328F8-860A-4D7F-915A-0A0D598E2176}.Debug|Any CPU.Build.0 = Debug|Any CPU
		{1AC328F8-860A-4D7F-915A-0A0D598E2176}.Release|Any CPU.ActiveCfg = Release|Any CPU
		{1AC328F8-860A-4D7F-915A-0A0D598E2176}.Release|Any CPU.Build.0 = Release|Any CPU
	EndGlobalSection
	GlobalSection(SolutionProperties) = preSolution
		HideSolutionNode = FALSE
	EndGlobalSection
	GlobalSection(NestedProjects) = preSolution
		{3287FD66-E8B3-49BC-8703-BE043B879739} = {02EA681E-C7D8-13C7-8484-4AC65E1B71E8}
		{8C701389-B391-4EFE-AFC2-9BBCD65EE49B} = {02EA681E-C7D8-13C7-8484-4AC65E1B71E8}
		{1AC328F8-860A-4D7F-915A-0A0D598E2176} = {02EA681E-C7D8-13C7-8484-4AC65E1B71E8}
	EndGlobalSection
	GlobalSection(ExtensibilityGlobals) = postSolution
		SolutionGuid = {923662B3-4C64-45F1-B7E0-EC5D938BA4D7}
	EndGlobalSection
EndGlobal
